
Microsoft Visual Studio Solution File, Format Version 12.00
# Visual Studio Version 17
VisualStudioVersion = 17.2.32602.215
MinimumVisualStudioVersion = 10.0.40219.1
Project("{FAE04EC0-301F-11D3-BF4B-00C04F79EFBC}") = "Address_Book_ADO_NET", "Address_Book_ADO_NET.csproj", "{DA944E9A-6879-439D-A1D6-E67D3B7EAFD2}"
EndProject
Global
	GlobalSection(SolutionConfigurationPlatforms) = preSolution
		Debug|Any CPU = Debug|Any CPU
		Release|Any CPU = Release|Any CPU
	EndGlobalSection
	GlobalSection(ProjectConfigurationPlatforms) = postSolution
		{DA944E9A-6879-439D-A1D6-E67D3B7EAFD2}.Debug|Any CPU.ActiveCfg = Debug|Any CPU
		{DA944E9A-6879-439D-A1D6-E67D3B7EAFD2}.Debug|Any CPU.Build.0 = Debug|Any CPU
		{DA944E9A-6879-439D-A1D6-E67D3B7EAFD2}.Release|Any CPU.ActiveCfg = Release|Any CPU
		{DA944E9A-6879-439D-A1D6-E67D3B7EAFD2}.Release|Any CPU.Build.0 = Release|Any CPU
	EndGlobalSection
	GlobalSection(SolutionProperties) = preSolution
		HideSolutionNode = FALSE
	EndGlobalSection
	GlobalSection(ExtensibilityGlobals) = postSolution
		SolutionGuid = {B1E53E51-3D7C-4BEE-BBA7-FA3A7D97BFBA}
	EndGlobalSection
EndGlobal
